Microsoft Visual Studio Solution File, Format Version 8.00
Project("{8BC9CEB8-8B4A-11D0-8D11-00A0C91BC942}") = "VAST", "VAST\VAST.vcproj", "{14491B86-E601-4D62-98B4-DF2C165F419B}"
	ProjectSection(ProjectDependencies) = postProject
		{39FA6B8F-AECB-4708-8F37-B440C4888E19} = {39FA6B8F-AECB-4708-8F37-B440C4888E19}
	EndProjectSection
EndProject
Project("{8BC9CEB8-8B4A-11D0-8D11-00A0C91BC942}") = "VASTsim", "SIM\VASTsim\VASTsim.vcproj", "{D5128495-91E4-4723-943F-E9FF27F2BC86}"
	ProjectSection(ProjectDependencies) = postProject
		{14491B86-E601-4D62-98B4-DF2C165F419B} = {14491B86-E601-4D62-98B4-DF2C165F419B}
		{39FA6B8F-AECB-4708-8F37-B440C4888E19} = {39FA6B8F-AECB-4708-8F37-B440C4888E19}
	EndProjectSection
EndProject
Project("{8BC9CEB8-8B4A-11D0-8D11-00A0C91BC942}") = "VASTsim_console", "SIM\VASTsim_console\VASTsim_console.vcproj", "{4EE45583-E87C-4DEC-9B95-908B8392BC8D}"
	ProjectSection(ProjectDependencies) = postProject
		{D5128495-91E4-4723-943F-E9FF27F2BC86} = {D5128495-91E4-4723-943F-E9FF27F2BC86}
	EndProjectSection
EndProject
Project("{8BC9CEB8-8B4A-11D0-8D11-00A0C91BC942}") = "VASTsim_gui", "sim\VASTsim_gui\VASTsim_gui.vcproj", "{478AC2D9-9141-4D6E-8266-D70656F6B6A4}"
	ProjectSection(ProjectDependencies) = postProject
		{39FA6B8F-AECB-4708-8F37-B440C4888E19} = {39FA6B8F-AECB-4708-8F37-B440C4888E19}
		{D5128495-91E4-4723-943F-E9FF27F2BC86} = {D5128495-91E4-4723-943F-E9FF27F2BC86}
	EndProjectSection
EndProject
Project("{8BC9CEB8-8B4A-11D0-8D11-00A0C91BC942}") = "demo_chatva", "demo\demo_chatva\demo_chatva.vcproj", "{B3E80648-DCB5-47D8-BF1F-8DE6DA64D797}"
	ProjectSection(ProjectDependencies) = postProject
		{14491B86-E601-4D62-98B4-DF2C165F419B} = {14491B86-E601-4D62-98B4-DF2C165F419B}
	EndProjectSection
EndProject
Project("{8BC9CEB8-8B4A-11D0-8D11-00A0C91BC942}") = "demo_gateway", "demo\demo_gateway\demo_gateway.vcproj", "{9B620972-48EC-4C20-A734-0D99FC10F8CF}"
	ProjectSection(ProjectDependencies) = postProject
		{14491B86-E601-4D62-98B4-DF2C165F419B} = {14491B86-E601-4D62-98B4-DF2C165F419B}
	EndProjectSection
EndProject
Project("{8BC9CEB8-8B4A-11D0-8D11-00A0C91BC942}") = "VASTutil", "VASTutil\VASTutil.vcproj", "{39FA6B8F-AECB-4708-8F37-B440C4888E19}"
	ProjectSection(ProjectDependencies) = postProject
	EndProjectSection
EndProject
Project("{8BC9CEB8-8B4A-11D0-8D11-00A0C91BC942}") = "test_voronoi", "test\test_voronoi\test_voronoi.vcproj", "{58834685-6652-40F6-A7DD-E3E08C7912DD}"
	ProjectSection(ProjectDependencies) = postProject
		{14491B86-E601-4D62-98B4-DF2C165F419B} = {14491B86-E601-4D62-98B4-DF2C165F419B}
	EndProjectSection
EndProject
Project("{8BC9CEB8-8B4A-11D0-8D11-00A0C91BC942}") = "VASTATE", "VASTATE\VASTATE.vcproj", "{B42AA38D-C125-48A5-B76B-A90267835B8D}"
	ProjectSection(ProjectDependencies) = postProject
		{14491B86-E601-4D62-98B4-DF2C165F419B} = {14491B86-E601-4D62-98B4-DF2C165F419B}
	EndProjectSection
EndProject
Project("{8BC9CEB8-8B4A-11D0-8D11-00A0C91BC942}") = "VASTATEsim", "sim\VASTATEsim\VASTATEsim.vcproj", "{56178EE0-DEBE-44B4-B541-FAB9F8661E9C}"
	ProjectSection(ProjectDependencies) = postProject
		{14491B86-E601-4D62-98B4-DF2C165F419B} = {14491B86-E601-4D62-98B4-DF2C165F419B}
		{B42AA38D-C125-48A5-B76B-A90267835B8D} = {B42AA38D-C125-48A5-B76B-A90267835B8D}
		{39FA6B8F-AECB-4708-8F37-B440C4888E19} = {39FA6B8F-AECB-4708-8F37-B440C4888E19}
	EndProjectSection
EndProject
Project("{8BC9CEB8-8B4A-11D0-8D11-00A0C91BC942}") = "VASTATEsim_gui", "sim\VASTATEsim_gui\VASTATEsim_gui.vcproj", "{933C5976-0E64-4DF3-812D-23AD50E78CB2}"
	ProjectSection(ProjectDependencies) = postProject
		{14491B86-E601-4D62-98B4-DF2C165F419B} = {14491B86-E601-4D62-98B4-DF2C165F419B}
		{39FA6B8F-AECB-4708-8F37-B440C4888E19} = {39FA6B8F-AECB-4708-8F37-B440C4888E19}
		{56178EE0-DEBE-44B4-B541-FAB9F8661E9C} = {56178EE0-DEBE-44B4-B541-FAB9F8661E9C}
	EndProjectSection
EndProject
Project("{8BC9CEB8-8B4A-11D0-8D11-00A0C91BC942}") = "VASTATEsim_console", "sim\VASTATEsim_console\VASTATEsim_console.vcproj", "{4995F8EF-1678-41FF-B060-A0BEC54F0C97}"
	ProjectSection(ProjectDependencies) = postProject
		{56178EE0-DEBE-44B4-B541-FAB9F8661E9C} = {56178EE0-DEBE-44B4-B541-FAB9F8661E9C}
	EndProjectSection
EndProject
Project("{8BC9CEB8-8B4A-11D0-8D11-00A0C91BC942}") = "test_voronoi_view", "test\test_voronoi_view\test_voronoi_view.vcproj", "{AFDD193A-7DCD-4456-89D7-05B08A005DF5}"
	ProjectSection(ProjectDependencies) = postProject
		{14491B86-E601-4D62-98B4-DF2C165F419B} = {14491B86-E601-4D62-98B4-DF2C165F419B}
	EndProjectSection
EndProject
Project("{8BC9CEB8-8B4A-11D0-8D11-00A0C91BC942}") = "test_VASTATE", "test\test_VASTATE\test_VASTATE.vcproj", "{3FDEAE9E-2EF7-4C94-BB3C-7C16B744C8FE}"
	ProjectSection(ProjectDependencies) = postProject
	EndProjectSection
EndProject
Global
	GlobalSection(SolutionConfiguration) = preSolution
		Debug = Debug
		Debug_for_VASTATE = Debug_for_VASTATE
		Release = Release
	EndGlobalSection
	GlobalSection(ProjectDependencies) = postSolution
	EndGlobalSection
	GlobalSection(ProjectConfiguration) = postSolution
		{14491B86-E601-4D62-98B4-DF2C165F419B}.Debug.ActiveCfg = Debug|Win32
		{14491B86-E601-4D62-98B4-DF2C165F419B}.Debug.Build.0 = Debug|Win32
		{14491B86-E601-4D62-98B4-DF2C165F419B}.Debug_for_VASTATE.ActiveCfg = Debug|Win32
		{14491B86-E601-4D62-98B4-DF2C165F419B}.Release.ActiveCfg = Release|Win32
		{14491B86-E601-4D62-98B4-DF2C165F419B}.Release.Build.0 = Release|Win32
		{D5128495-91E4-4723-943F-E9FF27F2BC86}.Debug.ActiveCfg = Debug|Win32
		{D5128495-91E4-4723-943F-E9FF27F2BC86}.Debug.Build.0 = Debug|Win32
		{D5128495-91E4-4723-943F-E9FF27F2BC86}.Debug_for_VASTATE.ActiveCfg = Debug|Win32
		{D5128495-91E4-4723-943F-E9FF27F2BC86}.Release.ActiveCfg = Release|Win32
		{D5128495-91E4-4723-943F-E9FF27F2BC86}.Release.Build.0 = Release|Win32
		{4EE45583-E87C-4DEC-9B95-908B8392BC8D}.Debug.ActiveCfg = Debug|Win32
		{4EE45583-E87C-4DEC-9B95-908B8392BC8D}.Debug.Build.0 = Debug|Win32
		{4EE45583-E87C-4DEC-9B95-908B8392BC8D}.Debug_for_VASTATE.ActiveCfg = Debug|Win32
		{4EE45583-E87C-4DEC-9B95-908B8392BC8D}.Release.ActiveCfg = Release|Win32
		{4EE45583-E87C-4DEC-9B95-908B8392BC8D}.Release.Build.0 = Release|Win32
		{478AC2D9-9141-4D6E-8266-D70656F6B6A4}.Debug.ActiveCfg = Debug|Win32
		{478AC2D9-9141-4D6E-8266-D70656F6B6A4}.Debug.Build.0 = Debug|Win32
		{478AC2D9-9141-4D6E-8266-D70656F6B6A4}.Debug_for_VASTATE.ActiveCfg = Debug|Win32
		{478AC2D9-9141-4D6E-8266-D70656F6B6A4}.Release.ActiveCfg = Release|Win32
		{478AC2D9-9141-4D6E-8266-D70656F6B6A4}.Release.Build.0 = Release|Win32
		{B3E80648-DCB5-47D8-BF1F-8DE6DA64D797}.Debug.ActiveCfg = Debug|Win32
		{B3E80648-DCB5-47D8-BF1F-8DE6DA64D797}.Debug.Build.0 = Debug|Win32
		{B3E80648-DCB5-47D8-BF1F-8DE6DA64D797}.Debug_for_VASTATE.ActiveCfg = Debug|Win32
		{B3E80648-DCB5-47D8-BF1F-8DE6DA64D797}.Release.ActiveCfg = Release|Win32
		{9B620972-48EC-4C20-A734-0D99FC10F8CF}.Debug.ActiveCfg = Debug|Win32
		{9B620972-48EC-4C20-A734-0D99FC10F8CF}.Debug_for_VASTATE.ActiveCfg = Debug|Win32
		{9B620972-48EC-4C20-A734-0D99FC10F8CF}.Release.ActiveCfg = Release|Win32
		{39FA6B8F-AECB-4708-8F37-B440C4888E19}.Debug.ActiveCfg = Debug|Win32
		{39FA6B8F-AECB-4708-8F37-B440C4888E19}.Debug.Build.0 = Debug|Win32
		{39FA6B8F-AECB-4708-8F37-B440C4888E19}.Debug_for_VASTATE.ActiveCfg = Debug|Win32
		{39FA6B8F-AECB-4708-8F37-B440C4888E19}.Release.ActiveCfg = Release|Win32
		{39FA6B8F-AECB-4708-8F37-B440C4888E19}.Release.Build.0 = Release|Win32
		{58834685-6652-40F6-A7DD-E3E08C7912DD}.Debug.ActiveCfg = Debug|Win32
		{58834685-6652-40F6-A7DD-E3E08C7912DD}.Debug_for_VASTATE.ActiveCfg = Debug|Win32
		{58834685-6652-40F6-A7DD-E3E08C7912DD}.Release.ActiveCfg = Release|Win32
		{B42AA38D-C125-48A5-B76B-A90267835B8D}.Debug.ActiveCfg = Debug|Win32
		{B42AA38D-C125-48A5-B76B-A90267835B8D}.Debug_for_VASTATE.ActiveCfg = Debug|Win32
		{B42AA38D-C125-48A5-B76B-A90267835B8D}.Release.ActiveCfg = Release|Win32
		{56178EE0-DEBE-44B4-B541-FAB9F8661E9C}.Debug.ActiveCfg = Debug|Win32
		{56178EE0-DEBE-44B4-B541-FAB9F8661E9C}.Debug_for_VASTATE.ActiveCfg = Debug|Win32
		{56178EE0-DEBE-44B4-B541-FAB9F8661E9C}.Release.ActiveCfg = Release|Win32
		{933C5976-0E64-4DF3-812D-23AD50E78CB2}.Debug.ActiveCfg = Debug|Win32
		{933C5976-0E64-4DF3-812D-23AD50E78CB2}.Debug_for_VASTATE.ActiveCfg = Debug|Win32
		{933C5976-0E64-4DF3-812D-23AD50E78CB2}.Release.ActiveCfg = Release|Win32
		{4995F8EF-1678-41FF-B060-A0BEC54F0C97}.Debug.ActiveCfg = Debug|Win32
		{4995F8EF-1678-41FF-B060-A0BEC54F0C97}.Debug_for_VASTATE.ActiveCfg = Debug|Win32
		{4995F8EF-1678-41FF-B060-A0BEC54F0C97}.Release.ActiveCfg = Release|Win32
		{AFDD193A-7DCD-4456-89D7-05B08A005DF5}.Debug.ActiveCfg = Debug|Win32
		{AFDD193A-7DCD-4456-89D7-05B08A005DF5}.Debug_for_VASTATE.ActiveCfg = Debug|Win32
		{AFDD193A-7DCD-4456-89D7-05B08A005DF5}.Release.ActiveCfg = Release|Win32
		{3FDEAE9E-2EF7-4C94-BB3C-7C16B744C8FE}.Debug.ActiveCfg = Debug|Win32
		{3FDEAE9E-2EF7-4C94-BB3C-7C16B744C8FE}.Debug_for_VASTATE.ActiveCfg = Debug|Win32
		{3FDEAE9E-2EF7-4C94-BB3C-7C16B744C8FE}.Debug_for_VASTATE.Build.0 = Debug|Win32
		{3FDEAE9E-2EF7-4C94-BB3C-7C16B744C8FE}.Release.ActiveCfg = Release|Win32
		{3FDEAE9E-2EF7-4C94-BB3C-7C16B744C8FE}.Release.Build.0 = Release|Win32
	EndGlobalSection
	GlobalSection(ExtensibilityGlobals) = postSolution
	EndGlobalSection
	GlobalSection(ExtensibilityAddIns) = postSolution
	EndGlobalSection
EndGlobal
